
Microsoft Visual Studio Solution File, Format Version 12.00
# Visual Studio Version 16
VisualStudioVersion = 16.0.29911.84
MinimumVisualStudioVersion = 10.0.40219.1
Project("{9A19103F-16F7-4668-BE54-9A1E7A4F7556}") = "MovieCollection.API", "WebApi\MovieCollection.API.csproj", "{A47DA07D-F808-4583-9CD4-7655EE0D6AF6}"
EndProject
Project("{FAE04EC0-301F-11D3-BF4B-00C04F79EFBC}") = "FAndradeTI.Util.Database", "..\FandradeTecInfoUtils\FAndradeTI.Util.Database\FAndradeTI.Util.Database.csproj", "{1C128261-53C0-4A05-B519-3C2BA0B04A4E}"
EndProject
Global
	GlobalSection(SolutionConfigurationPlatforms) = preSolution
		Debug|Any CPU = Debug|Any CPU
		Debug-IIS|Any CPU = Debug-IIS|Any CPU
		NoOffice-Debug|Any CPU = NoOffice-Debug|Any CPU
		Release|Any CPU = Release|Any CPU
	EndGlobalSection
	GlobalSection(ProjectConfigurationPlatforms) = postSolution
		{A47DA07D-F808-4583-9CD4-7655EE0D6AF6}.Debug|Any CPU.ActiveCfg = Debug|Any CPU
		{A47DA07D-F808-4583-9CD4-7655EE0D6AF6}.Debug|Any CPU.Build.0 = Debug|Any CPU
		{A47DA07D-F808-4583-9CD4-7655EE0D6AF6}.Debug-IIS|Any CPU.ActiveCfg = Debug-IIS|Any CPU
		{A47DA07D-F808-4583-9CD4-7655EE0D6AF6}.Debug-IIS|Any CPU.Build.0 = Debug-IIS|Any CPU
		{A47DA07D-F808-4583-9CD4-7655EE0D6AF6}.NoOffice-Debug|Any CPU.ActiveCfg = Debug|Any CPU
		{A47DA07D-F808-4583-9CD4-7655EE0D6AF6}.NoOffice-Debug|Any CPU.Build.0 = Debug|Any CPU
		{A47DA07D-F808-4583-9CD4-7655EE0D6AF6}.Release|Any CPU.ActiveCfg = Release|Any CPU
		{A47DA07D-F808-4583-9CD4-7655EE0D6AF6}.Release|Any CPU.Build.0 = Release|Any CPU
		{1C128261-53C0-4A05-B519-3C2BA0B04A4E}.Debug|Any CPU.ActiveCfg = Debug|Any CPU
		{1C128261-53C0-4A05-B519-3C2BA0B04A4E}.Debug|Any CPU.Build.0 = Debug|Any CPU
		{1C128261-53C0-4A05-B519-3C2BA0B04A4E}.Debug-IIS|Any CPU.ActiveCfg = Debug-IIS|Any CPU
		{1C128261-53C0-4A05-B519-3C2BA0B04A4E}.Debug-IIS|Any CPU.Build.0 = Debug-IIS|Any CPU
		{1C128261-53C0-4A05-B519-3C2BA0B04A4E}.NoOffice-Debug|Any CPU.ActiveCfg = Debug|Any CPU
		{1C128261-53C0-4A05-B519-3C2BA0B04A4E}.NoOffice-Debug|Any CPU.Build.0 = Debug|Any CPU
		{1C128261-53C0-4A05-B519-3C2BA0B04A4E}.Release|Any CPU.ActiveCfg = Release|Any CPU
		{1C128261-53C0-4A05-B519-3C2BA0B04A4E}.Release|Any CPU.Build.0 = Release|Any CPU
	EndGlobalSection
	GlobalSection(SolutionProperties) = preSolution
		HideSolutionNode = FALSE
	EndGlobalSection
	GlobalSection(ExtensibilityGlobals) = postSolution
		SolutionGuid = {F45B18AE-B0FC-4011-B415-51AB7B32A5D3}
	EndGlobalSection
EndGlobal
